<?xml version="1.0" encoding="UTF-8" standalone="yes" ?>
<CodeBlocks_project_file>
	<FileVersion major="1" minor="6" />
	<Project>
		<Option title="sqlite-gui" />
		<Option pch_mode="2" />
		<Option compiler="mingw64_x32" />
		<Build>
			<Target title="Debug">
				<Option output="bin/Debug/sqlite-gui" prefix_auto="1" extension_auto="1" />
				<Option object_output="obj/Debug/" />
				<Option type="1" />
				<Option compiler="mingw64_x32" />
				<Compiler>
					<Add option="-std=c++11" />
					<Add option="-U__STRICT_ANSI__" />
					<Add option="-g" />
					<Add directory="include" />
				</Compiler>
				<Linker>
					<Add option="-static-libstdc++" />
					<Add option="-static" />
					<Add option="-m32" />
					<Add library="lib/x32/libsqlite3.a" />
				</Linker>
			</Target>
			<Target title="Release">
				<Option output="bin/Release/sqlite-gui" prefix_auto="1" extension_auto="1" />
				<Option object_output="obj/Release/" />
				<Option type="0" />
				<Option compiler="mingw64_x32" />
				<Compiler>
					<Add option="-Os" />
					<Add option="-std=c++11" />
					<Add option="-m32" />
					<Add directory="include" />
				</Compiler>
				<Linker>
					<Add option="-static-libstdc++" />
					<Add option="-static" />
					<Add option="-m32" />
					<Add option="-s" />
					<Add library="lib/x32/libsqlite3.a" />
				</Linker>
			</Target>
			<Target title="Release x64">
				<Option output="bin/Release64/sqlite-gui" prefix_auto="1" extension_auto="1" />
				<Option object_output="obj/Release64/" />
				<Option type="0" />
				<Option compiler="mingw64_x64" />
				<Compiler>
					<Add option="-Os" />
					<Add option="-std=c++11" />
					<Add option="-m64" />
					<Add directory="include" />
				</Compiler>
				<Linker>
					<Add option="-s" />
					<Add option="-static" />
					<Add option="-m64" />
					<Add library="lib/x64/libsqlite3.a" />
				</Linker>
			</Target>
		</Build>
		<Compiler>
			<Add option="-Wall" />
			<Add option="-std=c++11" />
			<Add option="-m32" />
			<Add option="-DUNICODE" />
			<Add option="-D_UNICODE" />
			<Add option="-D_WIN32_WINNT=0x0501" />
		</Compiler>
		<Linker>
			<Add option="-static" />
			<Add option="-m32" />
			<Add library="gdi32" />
			<Add library="user32" />
			<Add library="kernel32" />
			<Add library="comctl32" />
			<Add library="libgdiplus" />
			<Add library="libcomdlg32" />
			<Add library="libshlwapi" />
			<Add library="libmsimg32" />
			<Add library="libwininet" />
			<Add library="libws2_32" />
			<Add library="ole32" />
			<Add library="uuid" />
			<Add directory="lib" />
		</Linker>
		<Unit filename="ToDo.txt" />
		<Unit filename="src/dialogs.cpp" />
		<Unit filename="src/dialogs.h" />
		<Unit filename="src/global.h" />
		<Unit filename="src/http.cpp" />
		<Unit filename="src/http.h" />
		<Unit filename="src/main.cpp" />
		<Unit filename="src/prefs.cpp" />
		<Unit filename="src/prefs.h" />
		<Unit filename="src/resource.h" />
		<Unit filename="src/resource.rc">
			<Option compilerVar="WINDRES" />
		</Unit>
		<Unit filename="src/tools.cpp" />
		<Unit filename="src/tools.h" />
		<Unit filename="src/utils.cpp" />
		<Unit filename="src/utils.h" />
		<Extensions>
			<code_completion />
			<debugger />
			<envvars />
		</Extensions>
	</Project>
</CodeBlocks_project_file>
