<?xml version="1.0" encoding="UTF-8" standalone="yes" ?>
<CodeBlocks_project_file>
	<FileVersion major="1" minor="6" />
	<Project>
		<Option title="sqlite-gui" />
		<Option pch_mode="2" />
		<Option compiler="gcc" />
		<Build>
			<Target title="Debug">
				<Option output="bin/Debug/sqlite-gui" prefix_auto="1" extension_auto="1" />
				<Option object_output="obj/Debug/" />
				<Option type="1" />
				<Option compiler="gcc" />
				<Compiler>
					<Add option="-std=c++11" />
					<Add option="-g" />
					<Add option="-U__STRICT_ANSI__" />
					<Add option="-DUNICODE" />
					<Add option="-D_UNICODE" />
					<Add directory="include" />
				</Compiler>
			</Target>
			<Target title="Release">
				<Option output="bin/Release/sqlite-gui" prefix_auto="1" extension_auto="1" />
				<Option object_output="obj/Release/" />
				<Option type="0" />
				<Option compiler="gcc" />
				<Compiler>
					<Add option="-Os" />
					<Add option="-std=c++11" />
					<Add option="-U__STRICT_ANSI__" />
					<Add option="-DUNICODE" />
					<Add option="-D_UNICODE" />
					<Add directory="include" />
				</Compiler>
				<Linker>
					<Add option="-s" />
				</Linker>
			</Target>
		</Build>
		<Compiler>
			<Add option="-Wall" />
			<Add option="-std=c++11" />
		</Compiler>
		<Linker>
			<Add option="-static-libgcc" />
			<Add option="-static-libstdc++ -static-libgcc" />
			<Add library="gdi32" />
			<Add library="user32" />
			<Add library="kernel32" />
			<Add library="comctl32" />
			<Add library="C:/MinGW/lib/libcomdlg32.a" />
			<Add library="C:/MinGW/lib/libshlwapi.a" />
			<Add library="lib/libsqlite3.a" />
		</Linker>
		<Unit filename="ToDo.txt" />
		<Unit filename="src/dialogs.cpp" />
		<Unit filename="src/dialogs.h" />
		<Unit filename="src/global.h" />
		<Unit filename="src/main.cpp" />
		<Unit filename="src/missing.h" />
		<Unit filename="src/prefs.cpp" />
		<Unit filename="src/prefs.h" />
		<Unit filename="src/resource.h" />
		<Unit filename="src/resource.rc">
			<Option compilerVar="WINDRES" />
		</Unit>
		<Unit filename="src/tools.cpp" />
		<Unit filename="src/tools.h" />
		<Unit filename="src/utils.cpp" />
		<Unit filename="src/utils.h" />
		<Extensions>
			<code_completion />
			<debugger />
		</Extensions>
	</Project>
</CodeBlocks_project_file>
